
Microsoft Visual Studio Solution File, Format Version 12.00
# Visual Studio Version 17
VisualStudioVersion = 17.10.35122.118
MinimumVisualStudioVersion = 10.0.40219.1
Project("{FAE04EC0-301F-11D3-BF4B-00C04F79EFBC}") = "Library", "Library\Library.csproj", "{9C805E47-D60F-4FA5-B43F-2675750E215E}"
EndProject
Global
	GlobalSection(SolutionConfigurationPlatforms) = preSolution
		Debug|Any CPU = Debug|Any CPU
		Release|Any CPU = Release|Any CPU
	EndGlobalSection
	GlobalSection(ProjectConfigurationPlatforms) = postSolution
		{9C805E47-D60F-4FA5-B43F-2675750E215E}.Debug|Any CPU.ActiveCfg = Debug|Any CPU
		{9C805E47-D60F-4FA5-B43F-2675750E215E}.Debug|Any CPU.Build.0 = Debug|Any CPU
		{9C805E47-D60F-4FA5-B43F-2675750E215E}.Release|Any CPU.ActiveCfg = Release|Any CPU
		{9C805E47-D60F-4FA5-B43F-2675750E215E}.Release|Any CPU.Build.0 = Release|Any CPU
	EndGlobalSection
	GlobalSection(SolutionProperties) = preSolution
		HideSolutionNode = FALSE
	EndGlobalSection
	GlobalSection(ExtensibilityGlobals) = postSolution
		SolutionGuid = {81987A22-D15A-4F68-87F5-60E79A5C8339}
	EndGlobalSection
EndGlobal
